
Microsoft Visual Studio Solution File, Format Version 12.00
# Visual Studio Version 17
VisualStudioVersion = 17.14.36310.24 d17.14
MinimumVisualStudioVersion = 10.0.40219.1
Project("{FAE04EC0-301F-11D3-BF4B-00C04F79EFBC}") = "Day7part3LamdaExp", "Day7part3LamdaExp\Day7part3LamdaExp.csproj", "{4D4651B2-1541-490B-BAF8-AADEC930C88C}"
EndProject
Global
	GlobalSection(SolutionConfigurationPlatforms) = preSolution
		Debug|Any CPU = Debug|Any CPU
		Release|Any CPU = Release|Any CPU
	EndGlobalSection
	GlobalSection(ProjectConfigurationPlatforms) = postSolution
		{4D4651B2-1541-490B-BAF8-AADEC930C88C}.Debug|Any CPU.ActiveCfg = Debug|Any CPU
		{4D4651B2-1541-490B-BAF8-AADEC930C88C}.Debug|Any CPU.Build.0 = Debug|Any CPU
		{4D4651B2-1541-490B-BAF8-AADEC930C88C}.Release|Any CPU.ActiveCfg = Release|Any CPU
		{4D4651B2-1541-490B-BAF8-AADEC930C88C}.Release|Any CPU.Build.0 = Release|Any CPU
	EndGlobalSection
	GlobalSection(SolutionProperties) = preSolution
		HideSolutionNode = FALSE
	EndGlobalSection
	GlobalSection(ExtensibilityGlobals) = postSolution
		SolutionGuid = {F49EE778-4E0F-4DD3-83C7-CE148EF1EFA3}
	EndGlobalSection
EndGlobal
