
Microsoft Visual Studio Solution File, Format Version 12.00
# Visual Studio Version 17
VisualStudioVersion = 17.14.36310.24 d17.14
MinimumVisualStudioVersion = 10.0.40219.1
Project("{FAE04EC0-301F-11D3-BF4B-00C04F79EFBC}") = "Day9Part2", "Day9Part2\Day9Part2.csproj", "{0863D204-0217-4D91-BFD3-2EE8C5F3E927}"
EndProject
Global
	GlobalSection(SolutionConfigurationPlatforms) = preSolution
		Debug|Any CPU = Debug|Any CPU
		Release|Any CPU = Release|Any CPU
	EndGlobalSection
	GlobalSection(ProjectConfigurationPlatforms) = postSolution
		{0863D204-0217-4D91-BFD3-2EE8C5F3E927}.Debug|Any CPU.ActiveCfg = Debug|Any CPU
		{0863D204-0217-4D91-BFD3-2EE8C5F3E927}.Debug|Any CPU.Build.0 = Debug|Any CPU
		{0863D204-0217-4D91-BFD3-2EE8C5F3E927}.Release|Any CPU.ActiveCfg = Release|Any CPU
		{0863D204-0217-4D91-BFD3-2EE8C5F3E927}.Release|Any CPU.Build.0 = Release|Any CPU
	EndGlobalSection
	GlobalSection(SolutionProperties) = preSolution
		HideSolutionNode = FALSE
	EndGlobalSection
	GlobalSection(ExtensibilityGlobals) = postSolution
		SolutionGuid = {9D65EF47-634C-4D71-9C5F-FA2C4D71B45F}
	EndGlobalSection
EndGlobal
