
Microsoft Visual Studio Solution File, Format Version 12.00
# Visual Studio Version 17
VisualStudioVersion = 17.14.36310.24 d17.14
MinimumVisualStudioVersion = 10.0.40219.1
Project("{FAE04EC0-301F-11D3-BF4B-00C04F79EFBC}") = "CalculationLibrary", "CalculationLibrary\CalculationLibrary.csproj", "{8E8DC994-F686-430A-8D90-ADA4EA81C4A9}"
EndProject
Project("{FAE04EC0-301F-11D3-BF4B-00C04F79EFBC}") = "CalculationClient", "CalculationClient\CalculationClient.csproj", "{B0D5EA32-2DA6-42AE-9DE0-DA5FD29715CE}"
EndProject
Global
	GlobalSection(SolutionConfigurationPlatforms) = preSolution
		Debug|Any CPU = Debug|Any CPU
		Release|Any CPU = Release|Any CPU
	EndGlobalSection
	GlobalSection(ProjectConfigurationPlatforms) = postSolution
		{8E8DC994-F686-430A-8D90-ADA4EA81C4A9}.Debug|Any CPU.ActiveCfg = Debug|Any CPU
		{8E8DC994-F686-430A-8D90-ADA4EA81C4A9}.Debug|Any CPU.Build.0 = Debug|Any CPU
		{8E8DC994-F686-430A-8D90-ADA4EA81C4A9}.Release|Any CPU.ActiveCfg = Release|Any CPU
		{8E8DC994-F686-430A-8D90-ADA4EA81C4A9}.Release|Any CPU.Build.0 = Release|Any CPU
		{B0D5EA32-2DA6-42AE-9DE0-DA5FD29715CE}.Debug|Any CPU.ActiveCfg = Debug|Any CPU
		{B0D5EA32-2DA6-42AE-9DE0-DA5FD29715CE}.Debug|Any CPU.Build.0 = Debug|Any CPU
		{B0D5EA32-2DA6-42AE-9DE0-DA5FD29715CE}.Release|Any CPU.ActiveCfg = Release|Any CPU
		{B0D5EA32-2DA6-42AE-9DE0-DA5FD29715CE}.Release|Any CPU.Build.0 = Release|Any CPU
	EndGlobalSection
	GlobalSection(SolutionProperties) = preSolution
		HideSolutionNode = FALSE
	EndGlobalSection
	GlobalSection(ExtensibilityGlobals) = postSolution
		SolutionGuid = {2312367B-624E-4138-A6EF-AAAD9580FCB1}
	EndGlobalSection
EndGlobal
