
Microsoft Visual Studio Solution File, Format Version 12.00
# Visual Studio Version 17
VisualStudioVersion = 17.14.36310.24 d17.14
MinimumVisualStudioVersion = 10.0.40219.1
Project("{FAE04EC0-301F-11D3-BF4B-00C04F79EFBC}") = "NullableExamples", "NullableExamples\NullableExamples.csproj", "{E8BEE261-2B18-49A3-93EF-138D75B4D3E8}"
EndProject
Global
	GlobalSection(SolutionConfigurationPlatforms) = preSolution
		Debug|Any CPU = Debug|Any CPU
		Release|Any CPU = Release|Any CPU
	EndGlobalSection
	GlobalSection(ProjectConfigurationPlatforms) = postSolution
		{E8BEE261-2B18-49A3-93EF-138D75B4D3E8}.Debug|Any CPU.ActiveCfg = Debug|Any CPU
		{E8BEE261-2B18-49A3-93EF-138D75B4D3E8}.Debug|Any CPU.Build.0 = Debug|Any CPU
		{E8BEE261-2B18-49A3-93EF-138D75B4D3E8}.Release|Any CPU.ActiveCfg = Release|Any CPU
		{E8BEE261-2B18-49A3-93EF-138D75B4D3E8}.Release|Any CPU.Build.0 = Release|Any CPU
	EndGlobalSection
	GlobalSection(SolutionProperties) = preSolution
		HideSolutionNode = FALSE
	EndGlobalSection
	GlobalSection(ExtensibilityGlobals) = postSolution
		SolutionGuid = {31A729ED-F84F-4481-83D2-7A83CCBAFF76}
	EndGlobalSection
EndGlobal
