
Microsoft Visual Studio Solution File, Format Version 12.00
# Visual Studio Version 17
VisualStudioVersion = 17.14.36310.24 d17.14
MinimumVisualStudioVersion = 10.0.40219.1
Project("{FAE04EC0-301F-11D3-BF4B-00C04F79EFBC}") = "Day2Topics", "Day2Topics\Day2Topics.csproj", "{0E3DD0A6-1DCC-455D-B3C4-B4E447201127}"
EndProject
Global
	GlobalSection(SolutionConfigurationPlatforms) = preSolution
		Debug|Any CPU = Debug|Any CPU
		Release|Any CPU = Release|Any CPU
	EndGlobalSection
	GlobalSection(ProjectConfigurationPlatforms) = postSolution
		{0E3DD0A6-1DCC-455D-B3C4-B4E447201127}.Debug|Any CPU.ActiveCfg = Debug|Any CPU
		{0E3DD0A6-1DCC-455D-B3C4-B4E447201127}.Debug|Any CPU.Build.0 = Debug|Any CPU
		{0E3DD0A6-1DCC-455D-B3C4-B4E447201127}.Release|Any CPU.ActiveCfg = Release|Any CPU
		{0E3DD0A6-1DCC-455D-B3C4-B4E447201127}.Release|Any CPU.Build.0 = Release|Any CPU
	EndGlobalSection
	GlobalSection(SolutionProperties) = preSolution
		HideSolutionNode = FALSE
	EndGlobalSection
	GlobalSection(ExtensibilityGlobals) = postSolution
		SolutionGuid = {F442353D-A7E6-45B4-9D6D-D7A9C754C4AF}
	EndGlobalSection
EndGlobal
