
Microsoft Visual Studio Solution File, Format Version 12.00
# Visual Studio Version 17
VisualStudioVersion = 17.14.36310.24 d17.14
MinimumVisualStudioVersion = 10.0.40219.1
Project("{FAE04EC0-301F-11D3-BF4B-00C04F79EFBC}") = "ResumeBuilderCapstone", "ResumeBuilderCapstone\ResumeBuilderCapstone.csproj", "{380AA248-992F-44FD-B888-233FCC4AA30B}"
EndProject
Global
	GlobalSection(SolutionConfigurationPlatforms) = preSolution
		Debug|Any CPU = Debug|Any CPU
		Release|Any CPU = Release|Any CPU
	EndGlobalSection
	GlobalSection(ProjectConfigurationPlatforms) = postSolution
		{380AA248-992F-44FD-B888-233FCC4AA30B}.Debug|Any CPU.ActiveCfg = Debug|Any CPU
		{380AA248-992F-44FD-B888-233FCC4AA30B}.Debug|Any CPU.Build.0 = Debug|Any CPU
		{380AA248-992F-44FD-B888-233FCC4AA30B}.Release|Any CPU.ActiveCfg = Release|Any CPU
		{380AA248-992F-44FD-B888-233FCC4AA30B}.Release|Any CPU.Build.0 = Release|Any CPU
	EndGlobalSection
	GlobalSection(SolutionProperties) = preSolution
		HideSolutionNode = FALSE
	EndGlobalSection
	GlobalSection(ExtensibilityGlobals) = postSolution
		SolutionGuid = {25536012-C5CA-4C1D-BB6E-4440A579B0E5}
	EndGlobalSection
EndGlobal
