
Microsoft Visual Studio Solution File, Format Version 12.00
# Visual Studio Version 17
VisualStudioVersion = 17.14.36310.24 d17.14
MinimumVisualStudioVersion = 10.0.40219.1
Project("{FAE04EC0-301F-11D3-BF4B-00C04F79EFBC}") = "Day7Part1Delegates", "Day7Part1Delegates\Day7Part1Delegates.csproj", "{A1E803E5-2199-462F-B366-A6CB687F3B29}"
EndProject
Global
	GlobalSection(SolutionConfigurationPlatforms) = preSolution
		Debug|Any CPU = Debug|Any CPU
		Release|Any CPU = Release|Any CPU
	EndGlobalSection
	GlobalSection(ProjectConfigurationPlatforms) = postSolution
		{A1E803E5-2199-462F-B366-A6CB687F3B29}.Debug|Any CPU.ActiveCfg = Debug|Any CPU
		{A1E803E5-2199-462F-B366-A6CB687F3B29}.Debug|Any CPU.Build.0 = Debug|Any CPU
		{A1E803E5-2199-462F-B366-A6CB687F3B29}.Release|Any CPU.ActiveCfg = Release|Any CPU
		{A1E803E5-2199-462F-B366-A6CB687F3B29}.Release|Any CPU.Build.0 = Release|Any CPU
	EndGlobalSection
	GlobalSection(SolutionProperties) = preSolution
		HideSolutionNode = FALSE
	EndGlobalSection
	GlobalSection(ExtensibilityGlobals) = postSolution
		SolutionGuid = {9B1CF111-217D-45CA-8EB9-A82A9595214C}
	EndGlobalSection
EndGlobal
