
Microsoft Visual Studio Solution File, Format Version 12.00
# Visual Studio Version 17
VisualStudioVersion = 17.14.36310.24 d17.14
MinimumVisualStudioVersion = 10.0.40219.1
Project("{FAE04EC0-301F-11D3-BF4B-00C04F79EFBC}") = "RajorExamples", "RajorExamples\RajorExamples.csproj", "{C9355F8D-9863-491B-997A-83C299EB53A1}"
EndProject
Global
	GlobalSection(SolutionConfigurationPlatforms) = preSolution
		Debug|Any CPU = Debug|Any CPU
		Release|Any CPU = Release|Any CPU
	EndGlobalSection
	GlobalSection(ProjectConfigurationPlatforms) = postSolution
		{C9355F8D-9863-491B-997A-83C299EB53A1}.Debug|Any CPU.ActiveCfg = Debug|Any CPU
		{C9355F8D-9863-491B-997A-83C299EB53A1}.Debug|Any CPU.Build.0 = Debug|Any CPU
		{C9355F8D-9863-491B-997A-83C299EB53A1}.Release|Any CPU.ActiveCfg = Release|Any CPU
		{C9355F8D-9863-491B-997A-83C299EB53A1}.Release|Any CPU.Build.0 = Release|Any CPU
	EndGlobalSection
	GlobalSection(SolutionProperties) = preSolution
		HideSolutionNode = FALSE
	EndGlobalSection
	GlobalSection(ExtensibilityGlobals) = postSolution
		SolutionGuid = {7BFFBDEA-BDBD-424D-BF19-C9C4434ED6F1}
	EndGlobalSection
EndGlobal
