
Microsoft Visual Studio Solution File, Format Version 12.00
# Visual Studio Version 17
VisualStudioVersion = 17.14.36310.24 d17.14
MinimumVisualStudioVersion = 10.0.40219.1
Project("{FAE04EC0-301F-11D3-BF4B-00C04F79EFBC}") = "Day1Topics", "Day1Topics\Day1Topics.csproj", "{C4D6D874-E76F-49B3-9164-80E5946CA073}"
EndProject
Global
	GlobalSection(SolutionConfigurationPlatforms) = preSolution
		Debug|Any CPU = Debug|Any CPU
		Release|Any CPU = Release|Any CPU
	EndGlobalSection
	GlobalSection(ProjectConfigurationPlatforms) = postSolution
		{C4D6D874-E76F-49B3-9164-80E5946CA073}.Debug|Any CPU.ActiveCfg = Debug|Any CPU
		{C4D6D874-E76F-49B3-9164-80E5946CA073}.Debug|Any CPU.Build.0 = Debug|Any CPU
		{C4D6D874-E76F-49B3-9164-80E5946CA073}.Release|Any CPU.ActiveCfg = Release|Any CPU
		{C4D6D874-E76F-49B3-9164-80E5946CA073}.Release|Any CPU.Build.0 = Release|Any CPU
	EndGlobalSection
	GlobalSection(SolutionProperties) = preSolution
		HideSolutionNode = FALSE
	EndGlobalSection
	GlobalSection(ExtensibilityGlobals) = postSolution
		SolutionGuid = {47BE24A6-F747-41BB-8A61-25F8564A2047}
	EndGlobalSection
EndGlobal
